
Microsoft Visual Studio Solution File, Format Version 12.00
# Visual Studio Version 16
VisualStudioVersion = 16.0.30204.135
MinimumVisualStudioVersion = 10.0.40219.1
Project("{FAE04EC0-301F-11D3-BF4B-00C04F79EFBC}") = "sample_4_5", "sample_4_5\sample_4_5.csproj", "{70F6F3B4-0DCF-471A-AEA3-6C30791C09B0}"
EndProject
Global
	GlobalSection(SolutionConfigurationPlatforms) = preSolution
		Debug|Any CPU = Debug|Any CPU
		Release|Any CPU = Release|Any CPU
	EndGlobalSection
	GlobalSection(ProjectConfigurationPlatforms) = postSolution
		{70F6F3B4-0DCF-471A-AEA3-6C30791C09B0}.Debug|Any CPU.ActiveCfg = Debug|Any CPU
		{70F6F3B4-0DCF-471A-AEA3-6C30791C09B0}.Debug|Any CPU.Build.0 = Debug|Any CPU
		{70F6F3B4-0DCF-471A-AEA3-6C30791C09B0}.Release|Any CPU.ActiveCfg = Release|Any CPU
		{70F6F3B4-0DCF-471A-AEA3-6C30791C09B0}.Release|Any CPU.Build.0 = Release|Any CPU
	EndGlobalSection
	GlobalSection(SolutionProperties) = preSolution
		HideSolutionNode = FALSE
	EndGlobalSection
	GlobalSection(ExtensibilityGlobals) = postSolution
		SolutionGuid = {EA328677-7CAA-499D-9793-F4D6059B226D}
	EndGlobalSection
EndGlobal
